
Microsoft Visual Studio Solution File, Format Version 12.00
# Visual Studio Version 16
VisualStudioVersion = 16.0.31321.278
MinimumVisualStudioVersion = 10.0.40219.1
Project("{FAE04EC0-301F-11D3-BF4B-00C04F79EFBC}") = "Prokat", "Prokat\Prokat.csproj", "{F8BB7EA1-3C7D-45B6-BDAD-44F673DFDD9A}"
EndProject
Global
	GlobalSection(SolutionConfigurationPlatforms) = preSolution
		Debug|Any CPU = Debug|Any CPU
		Release|Any CPU = Release|Any CPU
	EndGlobalSection
	GlobalSection(ProjectConfigurationPlatforms) = postSolution
		{F8BB7EA1-3C7D-45B6-BDAD-44F673DFDD9A}.Debug|Any CPU.ActiveCfg = Debug|Any CPU
		{F8BB7EA1-3C7D-45B6-BDAD-44F673DFDD9A}.Debug|Any CPU.Build.0 = Debug|Any CPU
		{F8BB7EA1-3C7D-45B6-BDAD-44F673DFDD9A}.Release|Any CPU.ActiveCfg = Release|Any CPU
		{F8BB7EA1-3C7D-45B6-BDAD-44F673DFDD9A}.Release|Any CPU.Build.0 = Release|Any CPU
	EndGlobalSection
	GlobalSection(SolutionProperties) = preSolution
		HideSolutionNode = FALSE
	EndGlobalSection
	GlobalSection(ExtensibilityGlobals) = postSolution
		SolutionGuid = {8AA7D5CF-C2F0-4196-AA7B-B9ED61BBE897}
	EndGlobalSection
EndGlobal
